
Microsoft Visual Studio Solution File, Format Version 12.00
# Visual Studio 14
VisualStudioVersion = 14.0.25123.0
MinimumVisualStudioVersion = 10.0.40219.1
Project("{FAE04EC0-301F-11D3-BF4B-00C04F79EFBC}") = "Dare", "Dare\Dare.csproj", "{A32BAA1C-7640-4022-BCD5-117C2275B5A4}"
EndProject
Global
	GlobalSection(SolutionConfigurationPlatforms) = preSolution
		Debug|Any CPU = Debug|Any CPU
		Release|Any CPU = Release|Any CPU
	EndGlobalSection
	GlobalSection(ProjectConfigurationPlatforms) = postSolution
		{A32BAA1C-7640-4022-BCD5-117C2275B5A4}.Debug|Any CPU.ActiveCfg = Debug|Any CPU
		{A32BAA1C-7640-4022-BCD5-117C2275B5A4}.Debug|Any CPU.Build.0 = Debug|Any CPU
		{A32BAA1C-7640-4022-BCD5-117C2275B5A4}.Release|Any CPU.ActiveCfg = Release|Any CPU
		{A32BAA1C-7640-4022-BCD5-117C2275B5A4}.Release|Any CPU.Build.0 = Release|Any CPU
	EndGlobalSection
	GlobalSection(SolutionProperties) = preSolution
		HideSolutionNode = FALSE
	EndGlobalSection
EndGlobal
